{
  "name": "ambrosia",
  "version": "1.0.0",
  "lockfileVersion": 3,
  "requires": true,
  "packages": {
    "": {
      "name": "ambrosia",
      "version": "1.0.0",
      "license": "ISC",
      "dependencies": {
        "@siafoundation/sia-storage": "^0.0.8"
      }
    },
    "node_modules/@siafoundation/sia-storage": {
      "version": "0.0.8",
      "resolved": "https://registry.npmjs.org/@siafoundation/sia-storage/-/sia-storage-0.0.8.tgz",
      "integrity": "sha512-zhZhP/KsiOM5Sp0xMRHk5Wn+8AuA4Ho2upLFsiL0eNl/lftAKVePi7/dg8UWHed7FwDUWsWgGnZD1FcwUhdrnQ==",
      "optionalDependencies": {
        "@siafoundation/sia-storage-darwin-arm64": "0.0.8",
        "@siafoundation/sia-storage-darwin-x64": "0.0.8",
        "@siafoundation/sia-storage-linux-arm64-gnu": "0.0.8",
        "@siafoundation/sia-storage-linux-x64-gnu": "0.0.8",
        "@siafoundation/sia-storage-win32-x64-msvc": "0.0.8"
      }
    },
    "node_modules/@siafoundation/sia-storage-darwin-arm64": {
      "version": "0.0.8",
      "resolved": "https://registry.npmjs.org/@siafoundation/sia-storage-darwin-arm64/-/sia-storage-darwin-arm64-0.0.8.tgz",
      "integrity": "sha512-S/geqpEPND+grBij6PkDYiY0+YHfYkHjGPa5JubMZJO5ZuWttnDXesqMkHWSSVFfJMfGPZt+ULwHEs/IQKGjxQ==",
      "cpu": [
        "arm64"
      ],
      "optional": true,
      "os": [
        "darwin"
      ]
    },
    "node_modules/@siafoundation/sia-storage-darwin-x64": {
      "version": "0.0.8",
      "resolved": "https://registry.npmjs.org/@siafoundation/sia-storage-darwin-x64/-/sia-storage-darwin-x64-0.0.8.tgz",
      "integrity": "sha512-PE2Vkgi5pqf9m5Za/KZeEj49HvWJltuvmXOfe3xM0YorJRb2q2vUPc5JKEM5LAkcSJMNV9VsXmbODqZEq6z8/w==",
      "cpu": [
        "x64"
      ],
      "optional": true,
      "os": [
        "darwin"
      ]
    },
    "node_modules/@siafoundation/sia-storage-linux-arm64-gnu": {
      "version": "0.0.8",
      "resolved": "https://registry.npmjs.org/@siafoundation/sia-storage-linux-arm64-gnu/-/sia-storage-linux-arm64-gnu-0.0.8.tgz",
      "integrity": "sha512-S7W+AZJXwkvCkFhe3/dExcVrtgoYGOkKIdAA+cG/Fn/P9QaoHZ2J1r7MBfbieObWOK8CC7u3WguPzg6NsQWJkA==",
      "cpu": [
        "arm64"
      ],
      "optional": true,
      "os": [
        "linux"
      ]
    },
    "node_modules/@siafoundation/sia-storage-linux-x64-gnu": {
      "version": "0.0.8",
      "resolved": "https://registry.npmjs.org/@siafoundation/sia-storage-linux-x64-gnu/-/sia-storage-linux-x64-gnu-0.0.8.tgz",
      "integrity": "sha512-KdO4wq2G/TAu0xqEDOx5IW9JjSrZnZVtzrhQjaDaaoIUWF2Ft/IcpU4eCbSGLFd3NQtJmT8Z+2kcPHOPCNCR+w==",
      "cpu": [
        "x64"
      ],
      "optional": true,
      "os": [
        "linux"
      ]
    },
    "node_modules/@siafoundation/sia-storage-win32-x64-msvc": {
      "version": "0.0.8",
      "resolved": "https://registry.npmjs.org/@siafoundation/sia-storage-win32-x64-msvc/-/sia-storage-win32-x64-msvc-0.0.8.tgz",
      "integrity": "sha512-GuNedmz63Z1MQCFnjSh+GFwVI+A6iOEICLxHWH3W5CoG/7H334WhPz//tKUCEyynEc4O58gw7phmnNa518FCzQ==",
      "cpu": [
        "x64"
      ],
      "optional": true,
      "os": [
        "win32"
      ]
    }
  }
}
